
Microsoft Visual Studio Solution File, Format Version 12.00
# Visual Studio Version 17
VisualStudioVersion = 17.8.34330.188
MinimumVisualStudioVersion = 10.0.40219.1
Project("{FAE04EC0-301F-11D3-BF4B-00C04F79EFBC}") = "лаба 2  ооап", "лаба 2  ооап\лаба 2  ооап.csproj", "{BD5DFB46-B786-4511-8A5D-49E75FAB6024}"
EndProject
Project("{FAE04EC0-301F-11D3-BF4B-00C04F79EFBC}") = "лаба2_ооап_без_паттерна", "лаба2_ооап_без_паттерна\лаба2_ооап_без_паттерна.csproj", "{C9763A95-659F-4964-A411-1CEFC7C7CFC8}"
EndProject
Global
	GlobalSection(SolutionConfigurationPlatforms) = preSolution
		Debug|Any CPU = Debug|Any CPU
		Release|Any CPU = Release|Any CPU
	EndGlobalSection
	GlobalSection(ProjectConfigurationPlatforms) = postSolution
		{BD5DFB46-B786-4511-8A5D-49E75FAB6024}.Debug|Any CPU.ActiveCfg = Debug|Any CPU
		{BD5DFB46-B786-4511-8A5D-49E75FAB6024}.Debug|Any CPU.Build.0 = Debug|Any CPU
		{BD5DFB46-B786-4511-8A5D-49E75FAB6024}.Release|Any CPU.ActiveCfg = Release|Any CPU
		{BD5DFB46-B786-4511-8A5D-49E75FAB6024}.Release|Any CPU.Build.0 = Release|Any CPU
		{C9763A95-659F-4964-A411-1CEFC7C7CFC8}.Debug|Any CPU.ActiveCfg = Debug|Any CPU
		{C9763A95-659F-4964-A411-1CEFC7C7CFC8}.Debug|Any CPU.Build.0 = Debug|Any CPU
		{C9763A95-659F-4964-A411-1CEFC7C7CFC8}.Release|Any CPU.ActiveCfg = Release|Any CPU
		{C9763A95-659F-4964-A411-1CEFC7C7CFC8}.Release|Any CPU.Build.0 = Release|Any CPU
	EndGlobalSection
	GlobalSection(SolutionProperties) = preSolution
		HideSolutionNode = FALSE
	EndGlobalSection
	GlobalSection(ExtensibilityGlobals) = postSolution
		SolutionGuid = {745E10DF-9A2C-445C-B24D-B041359F039A}
	EndGlobalSection
EndGlobal
